
Microsoft Visual Studio Solution File, Format Version 12.00
Project("{FAE04EC0-301F-11D3-BF4B-00C04F79EFBC}") = "Skoropechatanie", "Skoropechatanie\Skoropechatanie.csproj", "{4ACCC8E6-5986-46AC-AB69-69D2D079401A}"
EndProject
Global
	GlobalSection(SolutionConfigurationPlatforms) = preSolution
		Debug|Any CPU = Debug|Any CPU
		Release|Any CPU = Release|Any CPU
	EndGlobalSection
	GlobalSection(ProjectConfigurationPlatforms) = postSolution
		{4ACCC8E6-5986-46AC-AB69-69D2D079401A}.Debug|Any CPU.ActiveCfg = Debug|Any CPU
		{4ACCC8E6-5986-46AC-AB69-69D2D079401A}.Debug|Any CPU.Build.0 = Debug|Any CPU
		{4ACCC8E6-5986-46AC-AB69-69D2D079401A}.Release|Any CPU.ActiveCfg = Release|Any CPU
		{4ACCC8E6-5986-46AC-AB69-69D2D079401A}.Release|Any CPU.Build.0 = Release|Any CPU
	EndGlobalSection
EndGlobal
